// !$*UTF8*$!
{
	archiveVersion = 1;
	classes = {
	};
	objectVersion = 46;
	objects = {

/* Begin PBXBuildFile section */
		3A3E66501B8753DF00339367 /* LaunchScreen.xib in Resources */ = {isa = PBXBuildFile; fileRef = 3A3E664F1B8753DF00339367 /* LaunchScreen.xib */; };
		3A9FDC5D1B873CB500333BB9 /* NGNMain.m in Sources */ = {isa = PBXBuildFile; fileRef = 3A9FDC5C1B873CB500333BB9 /* NGNMain.m */; };
		3A9FDC601B873CB500333BB9 /* NGNAppDelegate.m in Sources */ = {isa = PBXBuildFile; fileRef = 3A9FDC5F1B873CB500333BB9 /* NGNAppDelegate.m */; };
		F945CC9630CEFDA6267D9431 /* libPods.a in Frameworks */ = {isa = PBXBuildFile; fileRef = 0BA23FED4964A28257B0EC8C /* libPods.a */; };
/* End PBXBuildFile section */

/* Begin PBXFileReference section */
		0BA23FED4964A28257B0EC8C /* libPods.a */ = {isa = PBXFileReference; explicitFileType = archive.ar; includeInIndex = 0; path = libPods.a; sourceTree = BUILT_PRODUCTS_DIR; };
		26D6FAAA546F7371E11EA90C /* Pods.debug.xcconfig */ = {isa = PBXFileReference; includeInIndex = 1; lastKnownFileType = text.xcconfig; name = Pods.debug.xcconfig; path = "Pods/Target Support Files/Pods/Pods.debug.xcconfig"; sourceTree = "<group>"; };
		3A3E664F1B8753DF00339367 /* LaunchScreen.xib */ = {isa = PBXFileReference; fileEncoding = 4; lastKnownFileType = file.xib; path = LaunchScreen.xib; sourceTree = "<group>"; };
		3A9FDC581B873CB500333BB9 /* ngnews.app */ = {isa = PBXFileReference; explicitFileType = wrapper.application; includeInIndex = 0; path = ngnews.app; sourceTree = BUILT_PRODUCTS_DIR; };
		3A9FDC5C1B873CB500333BB9 /* NGNMain.m */ = {isa = PBXFileReference; lastKnownFileType = sourcecode.c.objc; path = NGNMain.m; sourceTree = "<group>"; };
		3A9FDC5E1B873CB500333BB9 /* NGNAppDelegate.h */ = {isa = PBXFileReference; lastKnownFileType = sourcecode.c.h; path = NGNAppDelegate.h; sourceTree = "<group>"; };
		3A9FDC5F1B873CB500333BB9 /* NGNAppDelegate.m */ = {isa = PBXFileReference; lastKnownFileType = sourcecode.c.objc; path = NGNAppDelegate.m; sourceTree = "<group>"; };
		3A9FDC6C1B873CB500333BB9 /* Info.plist */ = {isa = PBXFileReference; lastKnownFileType = text.plist.xml; path = Info.plist; sourceTree = "<group>"; };
		B7A01B79386D9E48E3917BD9 /* Pods.release.xcconfig */ = {isa = PBXFileReference; includeInIndex = 1; lastKnownFileType = text.xcconfig; name = Pods.release.xcconfig; path = "Pods/Target Support Files/Pods/Pods.release.xcconfig"; sourceTree = "<group>"; };
/* End PBXFileReference section */

/* Begin PBXFrameworksBuildPhase section */
		3A9FDC551B873CB500333BB9 /* Frameworks */ = {
			isa = PBXFrameworksBuildPhase;
			buildActionMask = 2147483647;
			files = (
				F945CC9630CEFDA6267D9431 /* libPods.a in Frameworks */,
			);
			runOnlyForDeploymentPostprocessing = 0;
		};
/* End PBXFrameworksBuildPhase section */

/* Begin PBXGroup section */
		1059CD43E259F2BBAE539A18 /* Frameworks */ = {
			isa = PBXGroup;
			children = (
				0BA23FED4964A28257B0EC8C /* libPods.a */,
			);
			name = Frameworks;
			sourceTree = "<group>";
		};
		1F0A0112034DD2AA794B1782 /* Pods */ = {
			isa = PBXGroup;
			children = (
				26D6FAAA546F7371E11EA90C /* Pods.debug.xcconfig */,
				B7A01B79386D9E48E3917BD9 /* Pods.release.xcconfig */,
			);
			name = Pods;
			sourceTree = "<group>";
		};
		3A9FDC4F1B873CB500333BB9 = {
			isa = PBXGroup;
			children = (
				3A9FDC5A1B873CB500333BB9 /* App Delegate */,
				3A9FDC5B1B873CB500333BB9 /* Supporting Files */,
				3A9FDC591B873CB500333BB9 /* Products */,
				1F0A0112034DD2AA794B1782 /* Pods */,
				1059CD43E259F2BBAE539A18 /* Frameworks */,
			);
			sourceTree = "<group>";
		};
		3A9FDC591B873CB500333BB9 /* Products */ = {
			isa = PBXGroup;
			children = (
				3A9FDC581B873CB500333BB9 /* ngnews.app */,
			);
			name = Products;
			sourceTree = "<group>";
		};
		3A9FDC5A1B873CB500333BB9 /* App Delegate */ = {
			isa = PBXGroup;
			children = (
				3A9FDC5C1B873CB500333BB9 /* NGNMain.m */,
				3A9FDC5E1B873CB500333BB9 /* NGNAppDelegate.h */,
				3A9FDC5F1B873CB500333BB9 /* NGNAppDelegate.m */,
			);
			name = "App Delegate";
			path = ngnews;
			sourceTree = "<group>";
		};
		3A9FDC5B1B873CB500333BB9 /* Supporting Files */ = {
			isa = PBXGroup;
			children = (
				3A9FDC6C1B873CB500333BB9 /* Info.plist */,
				3A3E664F1B8753DF00339367 /* LaunchScreen.xib */,
			);
			name = "Supporting Files";
			path = ngnews;
			sourceTree = "<group>";
		};
/* End PBXGroup section */

/* Begin PBXNativeTarget section */
		3A9FDC571B873CB500333BB9 /* ngnews */ = {
			isa = PBXNativeTarget;
			buildConfigurationList = 3A9FDC6F1B873CB500333BB9 /* Build configuration list for PBXNativeTarget "ngnews" */;
			buildPhases = (
				3A298CC31B874F4E00DCD45C /* Start React Native */,
				7461F13CFECB406A49005FFB /* Check Pods Manifest.lock */,
				3A9FDC541B873CB500333BB9 /* Sources */,
				3A9FDC551B873CB500333BB9 /* Frameworks */,
				3A9FDC561B873CB500333BB9 /* Resources */,
				51D1EC2F528BD5E42D323890 /* Copy Pods Resources */,
			);
			buildRules = (
			);
			dependencies = (
			);
			name = ngnews;
			productName = ngnews;
			productReference = 3A9FDC581B873CB500333BB9 /* ngnews.app */;
			productType = "com.apple.product-type.application";
		};
/* End PBXNativeTarget section */

/* Begin PBXProject section */
		3A9FDC501B873CB500333BB9 /* Project object */ = {
			isa = PBXProject;
			attributes = {
				CLASSPREFIX = NGN;
				LastUpgradeCheck = 0700;
				ORGANIZATIONNAME = "Netguru Sp. z o.o.";
				TargetAttributes = {
					3A9FDC571B873CB500333BB9 = {
						CreatedOnToolsVersion = 7.0;
					};
				};
			};
			buildConfigurationList = 3A9FDC531B873CB500333BB9 /* Build configuration list for PBXProject "ngnews" */;
			compatibilityVersion = "Xcode 3.2";
			developmentRegion = English;
			hasScannedForEncodings = 0;
			knownRegions = (
				en,
				Base,
			);
			mainGroup = 3A9FDC4F1B873CB500333BB9;
			productRefGroup = 3A9FDC591B873CB500333BB9 /* Products */;
			projectDirPath = "";
			projectRoot = "";
			targets = (
				3A9FDC571B873CB500333BB9 /* ngnews */,
			);
		};
/* End PBXProject section */

/* Begin PBXResourcesBuildPhase section */
		3A9FDC561B873CB500333BB9 /* Resources */ = {
			isa = PBXResourcesBuildPhase;
			buildActionMask = 2147483647;
			files = (
				3A3E66501B8753DF00339367 /* LaunchScreen.xib in Resources */,
			);
			runOnlyForDeploymentPostprocessing = 0;
		};
/* End PBXResourcesBuildPhase section */

/* Begin PBXShellScriptBuildPhase section */
		3A298CC31B874F4E00DCD45C /* Start React Native */ = {
			isa = PBXShellScriptBuildPhase;
			buildActionMask = 2147483647;
			files = (
			);
			inputPaths = (
			);
			name = "Start React Native";
			outputPaths = (
			);
			runOnlyForDeploymentPostprocessing = 0;
			shellPath = /bin/sh;
			shellScript = "if nc -w 5 -z localhost 8081 ; then\n  if ! curl -s \"http://localhost:8081/status\" | grep -q \"packager-status:running\" ; then\n  echo \"Port 8081 already in use, packager is either not running or not running correctly\"\n  exit 2\nfi\nelse\n  open $SRCROOT/node_modules/react-native/packager/launchPackager.command || echo \"Can't start packager automatically\"\nfi";
		};
		51D1EC2F528BD5E42D323890 /* Copy Pods Resources */ = {
			isa = PBXShellScriptBuildPhase;
			buildActionMask = 2147483647;
			files = (
			);
			inputPaths = (
			);
			name = "Copy Pods Resources";
			outputPaths = (
			);
			runOnlyForDeploymentPostprocessing = 0;
			shellPath = /bin/sh;
			shellScript = "\"${SRCROOT}/Pods/Target Support Files/Pods/Pods-resources.sh\"\n";
			showEnvVarsInLog = 0;
		};
		7461F13CFECB406A49005FFB /* Check Pods Manifest.lock */ = {
			isa = PBXShellScriptBuildPhase;
			buildActionMask = 2147483647;
			files = (
			);
			inputPaths = (
			);
			name = "Check Pods Manifest.lock";
			outputPaths = (
			);
			runOnlyForDeploymentPostprocessing = 0;
			shellPath = /bin/sh;
			shellScript = "diff \"${PODS_ROOT}/../Podfile.lock\" \"${PODS_ROOT}/Manifest.lock\" > /dev/null\nif [[ $? != 0 ]] ; then\n    cat << EOM\nerror: The sandbox is not in sync with the Podfile.lock. Run 'pod install' or update your CocoaPods installation.\nEOM\n    exit 1\nfi\n";
			showEnvVarsInLog = 0;
		};
/* End PBXShellScriptBuildPhase section */

/* Begin PBXSourcesBuildPhase section */
		3A9FDC541B873CB500333BB9 /* Sources */ = {
			isa = PBXSourcesBuildPhase;
			buildActionMask = 2147483647;
			files = (
				3A9FDC601B873CB500333BB9 /* NGNAppDelegate.m in Sources */,
				3A9FDC5D1B873CB500333BB9 /* NGNMain.m in Sources */,
			);
			runOnlyForDeploymentPostprocessing = 0;
		};
/* End PBXSourcesBuildPhase section */

/* Begin XCBuildConfiguration section */
		3A9FDC6D1B873CB500333BB9 /* Debug */ = {
			isa = XCBuildConfiguration;
			buildSettings = {
				ALWAYS_SEARCH_USER_PATHS = NO;
				CLANG_CXX_LANGUAGE_STANDARD = "gnu++0x";
				CLANG_CXX_LIBRARY = "libc++";
				CLANG_ENABLE_MODULES = YES;
				CLANG_ENABLE_OBJC_ARC = YES;
				CLANG_WARN_BOOL_CONVERSION = YES;
				CLANG_WARN_CONSTANT_CONVERSION = YES;
				CLANG_WARN_DIRECT_OBJC_ISA_USAGE = YES_ERROR;
				CLANG_WARN_EMPTY_BODY = YES;
				CLANG_WARN_ENUM_CONVERSION = YES;
				CLANG_WARN_INT_CONVERSION = YES;
				CLANG_WARN_OBJC_ROOT_CLASS = YES_ERROR;
				CLANG_WARN_UNREACHABLE_CODE = YES;
				CLANG_WARN__DUPLICATE_METHOD_MATCH = YES;
				"CODE_SIGN_IDENTITY[sdk=iphoneos*]" = "iPhone Developer";
				COPY_PHASE_STRIP = NO;
				DEBUG_INFORMATION_FORMAT = dwarf;
				ENABLE_STRICT_OBJC_MSGSEND = YES;
				ENABLE_TESTABILITY = YES;
				GCC_C_LANGUAGE_STANDARD = gnu99;
				GCC_DYNAMIC_NO_PIC = NO;
				GCC_NO_COMMON_BLOCKS = YES;
				GCC_OPTIMIZATION_LEVEL = 0;
				GCC_PREPROCESSOR_DEFINITIONS = (
					"DEBUG=1",
					"$(inherited)",
				);
				GCC_WARN_64_TO_32_BIT_CONVERSION = YES;
				GCC_WARN_ABOUT_RETURN_TYPE = YES_ERROR;
				GCC_WARN_UNDECLARED_SELECTOR = YES;
				GCC_WARN_UNINITIALIZED_AUTOS = YES_AGGRESSIVE;
				GCC_WARN_UNUSED_FUNCTION = YES;
				GCC_WARN_UNUSED_VARIABLE = YES;
				IPHONEOS_DEPLOYMENT_TARGET = 8.0;
				MTL_ENABLE_DEBUG_INFO = YES;
				ONLY_ACTIVE_ARCH = YES;
				SDKROOT = iphoneos;
			};
			name = Debug;
		};
		3A9FDC6E1B873CB500333BB9 /* Release */ = {
			isa = XCBuildConfiguration;
			buildSettings = {
				ALWAYS_SEARCH_USER_PATHS = NO;
				CLANG_CXX_LANGUAGE_STANDARD = "gnu++0x";
				CLANG_CXX_LIBRARY = "libc++";
				CLANG_ENABLE_MODULES = YES;
				CLANG_ENABLE_OBJC_ARC = YES;
				CLANG_WARN_BOOL_CONVERSION = YES;
				CLANG_WARN_CONSTANT_CONVERSION = YES;
				CLANG_WARN_DIRECT_OBJC_ISA_USAGE = YES_ERROR;
				CLANG_WARN_EMPTY_BODY = YES;
				CLANG_WARN_ENUM_CONVERSION = YES;
				CLANG_WARN_INT_CONVERSION = YES;
				CLANG_WARN_OBJC_ROOT_CLASS = YES_ERROR;
				CLANG_WARN_UNREACHABLE_CODE = YES;
				CLANG_WARN__DUPLICATE_METHOD_MATCH = YES;
				"CODE_SIGN_IDENTITY[sdk=iphoneos*]" = "iPhone Developer";
				COPY_PHASE_STRIP = NO;
				DEBUG_INFORMATION_FORMAT = "dwarf-with-dsym";
				ENABLE_NS_ASSERTIONS = NO;
				ENABLE_STRICT_OBJC_MSGSEND = YES;
				GCC_C_LANGUAGE_STANDARD = gnu99;
				GCC_NO_COMMON_BLOCKS = YES;
				GCC_WARN_64_TO_32_BIT_CONVERSION = YES;
				GCC_WARN_ABOUT_RETURN_TYPE = YES_ERROR;
				GCC_WARN_UNDECLARED_SELECTOR = YES;
				GCC_WARN_UNINITIALIZED_AUTOS = YES_AGGRESSIVE;
				GCC_WARN_UNUSED_FUNCTION = YES;
				GCC_WARN_UNUSED_VARIABLE = YES;
				IPHONEOS_DEPLOYMENT_TARGET = 8.0;
				MTL_ENABLE_DEBUG_INFO = NO;
				SDKROOT = iphoneos;
				VALIDATE_PRODUCT = YES;
			};
			name = Release;
		};
		3A9FDC701B873CB500333BB9 /* Debug */ = {
			isa = XCBuildConfiguration;
			baseConfigurationReference = 26D6FAAA546F7371E11EA90C /* Pods.debug.xcconfig */;
			buildSettings = {
				INFOPLIST_FILE = ngnews/Info.plist;
				LD_RUNPATH_SEARCH_PATHS = "$(inherited) @executable_path/Frameworks";
				PRODUCT_BUNDLE_IDENTIFIER = co.netguru.hackaton.ngnews;
				PRODUCT_NAME = "$(TARGET_NAME)";
			};
			name = Debug;
		};
		3A9FDC711B873CB500333BB9 /* Release */ = {
			isa = XCBuildConfiguration;
			baseConfigurationReference = B7A01B79386D9E48E3917BD9 /* Pods.release.xcconfig */;
			buildSettings = {
				INFOPLIST_FILE = ngnews/Info.plist;
				LD_RUNPATH_SEARCH_PATHS = "$(inherited) @executable_path/Frameworks";
				PRODUCT_BUNDLE_IDENTIFIER = co.netguru.hackaton.ngnews;
				PRODUCT_NAME = "$(TARGET_NAME)";
			};
			name = Release;
		};
/* End XCBuildConfiguration section */

/* Begin XCConfigurationList section */
		3A9FDC531B873CB500333BB9 /* Build configuration list for PBXProject "ngnews" */ = {
			isa = XCConfigurationList;
			buildConfigurations = (
				3A9FDC6D1B873CB500333BB9 /* Debug */,
				3A9FDC6E1B873CB500333BB9 /* Release */,
			);
			defaultConfigurationIsVisible = 0;
			defaultConfigurationName = Release;
		};
		3A9FDC6F1B873CB500333BB9 /* Build configuration list for PBXNativeTarget "ngnews" */ = {
			isa = XCConfigurationList;
			buildConfigurations = (
				3A9FDC701B873CB500333BB9 /* Debug */,
				3A9FDC711B873CB500333BB9 /* Release */,
			);
			defaultConfigurationIsVisible = 0;
			defaultConfigurationName = Release;
		};
/* End XCConfigurationList section */
	};
	rootObject = 3A9FDC501B873CB500333BB9 /* Project object */;
}
